
Microsoft Visual Studio Solution File, Format Version 12.00
Project("{FAE04EC0-301F-11D3-BF4B-00C04F79EFBC}") = "GitDemo", "GitDemo\GitDemo.csproj", "{ADE4F680-D8A0-4BED-B8C0-E5C05D0BFB29}"
EndProject
Global
	GlobalSection(SolutionConfigurationPlatforms) = preSolution
		Debug|Any CPU = Debug|Any CPU
		Release|Any CPU = Release|Any CPU
	EndGlobalSection
	GlobalSection(ProjectConfigurationPlatforms) = postSolution
		{ADE4F680-D8A0-4BED-B8C0-E5C05D0BFB29}.Debug|Any CPU.ActiveCfg = Debug|Any CPU
		{ADE4F680-D8A0-4BED-B8C0-E5C05D0BFB29}.Debug|Any CPU.Build.0 = Debug|Any CPU
		{ADE4F680-D8A0-4BED-B8C0-E5C05D0BFB29}.Release|Any CPU.ActiveCfg = Release|Any CPU
		{ADE4F680-D8A0-4BED-B8C0-E5C05D0BFB29}.Release|Any CPU.Build.0 = Release|Any CPU
	EndGlobalSection
EndGlobal
